
Microsoft Visual Studio Solution File, Format Version 12.00
# Visual Studio Version 17
VisualStudioVersion = 17.4.33103.184
MinimumVisualStudioVersion = 10.0.40219.1
Project("{2150E333-8FDC-42A3-9474-1A3956D46DE8}") = "1-Services", "1-Services", "{99A691EF-3D59-427A-BDB0-A4E811F3EFFC}"
EndProject
Project("{2150E333-8FDC-42A3-9474-1A3956D46DE8}") = "2-Application", "2-Application", "{B113E3E4-22A8-4B13-B422-2FC000F97F9C}"
EndProject
Project("{9A19103F-16F7-4668-BE54-9A1E7A4F7556}") = "Application.DataAccess", "Application.DataAccess\Application.DataAccess.csproj", "{73B03256-CCD8-4D1F-BFD3-C08487DB244E}"
EndProject
Project("{9A19103F-16F7-4668-BE54-9A1E7A4F7556}") = "Application.Business", "Application.Business\Application.Business.csproj", "{A1CDA522-C5E5-452A-9DBD-AFC5842B9526}"
EndProject
Project("{9A19103F-16F7-4668-BE54-9A1E7A4F7556}") = "Application.Core", "Application.Core\Application.Core.csproj", "{697FB2E5-29A0-4D03-A93E-E5D5576E8D98}"
EndProject
Project("{9A19103F-16F7-4668-BE54-9A1E7A4F7556}") = "LogMonitoring.WebAPI", "Application.WebAPI\LogMonitoring.WebAPI.csproj", "{3543A1CD-E3B2-4661-9753-49855BD54D0E}"
EndProject
Project("{2150E333-8FDC-42A3-9474-1A3956D46DE8}") = "3-Packages", "3-Packages", "{87B73EF3-3AED-4FE4-9F2A-79759AF682E4}"
EndProject
Project("{9A19103F-16F7-4668-BE54-9A1E7A4F7556}") = "Application.Packages.RabbitMQ", "Application.Packages.RabbitMQ\Application.Packages.RabbitMQ.csproj", "{5245289A-FADB-4D26-911C-8669E811CB20}"
EndProject
Project("{9A19103F-16F7-4668-BE54-9A1E7A4F7556}") = "Application.Packages.MinIO", "Application.Packages.MinIO\Application.Packages.MinIO.csproj", "{EE7E77E9-A93B-48B7-8CE4-CFB8518EFC8C}"
EndProject
Project("{9A19103F-16F7-4668-BE54-9A1E7A4F7556}") = "Application.Packages.AOP", "Application.Packages.AOP\Application.Packages.AOP.csproj", "{1F160E92-9A5E-4FDF-82AE-80E6B777EEE8}"
EndProject
Project("{9A19103F-16F7-4668-BE54-9A1E7A4F7556}") = "Application.Packages.Hashing.Core", "Application.Packages.Hashing.Core\Application.Packages.Hashing.Core.csproj", "{D749F733-7480-433A-8CDA-82420450C97C}"
EndProject
Project("{9A19103F-16F7-4668-BE54-9A1E7A4F7556}") = "Application.Packages.Hashing.MD5", "Application.Packages.Hashing.MD5\Application.Packages.Hashing.MD5.csproj", "{A3D69DD9-967B-4BC6-8667-ABD5914401E6}"
EndProject
Project("{9A19103F-16F7-4668-BE54-9A1E7A4F7556}") = "Application.Packages.Hashing.SHA256", "Application.Packages.Hashing.SHA256\Application.Packages.Hashing.SHA256.csproj", "{3B03DB25-6EA8-4CCB-8CE2-6AB443145281}"
EndProject
Project("{9A19103F-16F7-4668-BE54-9A1E7A4F7556}") = "Application.Packages.JWT", "Application.Packages.JWT\Application.Packages.JWT.csproj", "{A7A3F9B7-4DB1-47E7-825B-9B0972493D9C}"
EndProject
Project("{9A19103F-16F7-4668-BE54-9A1E7A4F7556}") = "Application.Packages.Caching.Core", "Application.Packages.Caching.Core\Application.Packages.Caching.Core.csproj", "{9CCFBDDC-7DED-4026-A23E-FC08632E5A73}"
EndProject
Project("{9A19103F-16F7-4668-BE54-9A1E7A4F7556}") = "Application.Packages.Caching.InMemory", "Application.Packages.Caching.InMemory\Application.Packages.Caching.InMemory.csproj", "{56FD293C-5978-41FC-B2F4-0C4501C25F7D}"
EndProject
Project("{9A19103F-16F7-4668-BE54-9A1E7A4F7556}") = "Application.Packages.Caching.Redis", "Application.Packages.Caching.Redis\Application.Packages.Caching.Redis.csproj", "{2958FF95-E8BB-4ED6-B93B-2DCF8585FB58}"
EndProject
Project("{9A19103F-16F7-4668-BE54-9A1E7A4F7556}") = "Application.Packages.Socket.Core", "Application.Packages.Socket.Core\Application.Packages.Socket.Core.csproj", "{5677E3D8-464C-44B5-942A-AF4D8FE6F69B}"
EndProject
Project("{9A19103F-16F7-4668-BE54-9A1E7A4F7556}") = "Application.Packages.Socket.Udp", "Application.Packages.Socket.Udp\Application.Packages.Socket.Udp.csproj", "{60800605-A50D-42A4-B56F-DEC4E0F326DB}"
EndProject
Project("{2150E333-8FDC-42A3-9474-1A3956D46DE8}") = "Application.Packages.Socket", "Application.Packages.Socket", "{452B432C-D4CA-43DD-B56F-80F6E26E5E79}"
EndProject
Project("{2150E333-8FDC-42A3-9474-1A3956D46DE8}") = "Applicaion.Packages.Hashing", "Applicaion.Packages.Hashing", "{A1C4D972-B58E-410F-895B-E6895A5D6337}"
EndProject
Project("{2150E333-8FDC-42A3-9474-1A3956D46DE8}") = "Application.Packages.Caching", "Application.Packages.Caching", "{C52FD7C0-1EE3-442C-A1C2-0DEAB147E7B0}"
EndProject
Project("{2150E333-8FDC-42A3-9474-1A3956D46DE8}") = "4-Test", "4-Test", "{CC1ED15E-9826-4854-B0B1-92F9B6378862}"
EndProject
Project("{9A19103F-16F7-4668-BE54-9A1E7A4F7556}") = "Application.Test", "Application.Test\Application.Test.csproj", "{395EE170-350E-4C6B-9081-8432B8DABD8C}"
EndProject
Project("{FAE04EC0-301F-11D3-BF4B-00C04F79EFBC}") = "Application.Packages.HttpClient", "Application.Packages.HttpClient\Application.Packages.HttpClient.csproj", "{92CAE851-F941-4CFF-93B2-D37728B2FDE1}"
EndProject
Project("{FAE04EC0-301F-11D3-BF4B-00C04F79EFBC}") = "LogMonitoring.MVC", "LogMonitoring.MVC\LogMonitoring.MVC.csproj", "{648D7D05-2097-4190-B0FB-D1700E5121CF}"
EndProject
Project("{2150E333-8FDC-42A3-9474-1A3956D46DE8}") = "0-Presentation", "0-Presentation", "{E8201729-82A3-4A62-A1E2-10AD063FB80D}"
EndProject
Global
	GlobalSection(SolutionConfigurationPlatforms) = preSolution
		Debug|Any CPU = Debug|Any CPU
		Release|Any CPU = Release|Any CPU
	EndGlobalSection
	GlobalSection(ProjectConfigurationPlatforms) = postSolution
		{73B03256-CCD8-4D1F-BFD3-C08487DB244E}.Debug|Any CPU.ActiveCfg = Debug|Any CPU
		{73B03256-CCD8-4D1F-BFD3-C08487DB244E}.Debug|Any CPU.Build.0 = Debug|Any CPU
		{73B03256-CCD8-4D1F-BFD3-C08487DB244E}.Release|Any CPU.ActiveCfg = Release|Any CPU
		{73B03256-CCD8-4D1F-BFD3-C08487DB244E}.Release|Any CPU.Build.0 = Release|Any CPU
		{A1CDA522-C5E5-452A-9DBD-AFC5842B9526}.Debug|Any CPU.ActiveCfg = Debug|Any CPU
		{A1CDA522-C5E5-452A-9DBD-AFC5842B9526}.Debug|Any CPU.Build.0 = Debug|Any CPU
		{A1CDA522-C5E5-452A-9DBD-AFC5842B9526}.Release|Any CPU.ActiveCfg = Release|Any CPU
		{A1CDA522-C5E5-452A-9DBD-AFC5842B9526}.Release|Any CPU.Build.0 = Release|Any CPU
		{697FB2E5-29A0-4D03-A93E-E5D5576E8D98}.Debug|Any CPU.ActiveCfg = Debug|Any CPU
		{697FB2E5-29A0-4D03-A93E-E5D5576E8D98}.Debug|Any CPU.Build.0 = Debug|Any CPU
		{697FB2E5-29A0-4D03-A93E-E5D5576E8D98}.Release|Any CPU.ActiveCfg = Release|Any CPU
		{697FB2E5-29A0-4D03-A93E-E5D5576E8D98}.Release|Any CPU.Build.0 = Release|Any CPU
		{3543A1CD-E3B2-4661-9753-49855BD54D0E}.Debug|Any CPU.ActiveCfg = Debug|Any CPU
		{3543A1CD-E3B2-4661-9753-49855BD54D0E}.Debug|Any CPU.Build.0 = Debug|Any CPU
		{3543A1CD-E3B2-4661-9753-49855BD54D0E}.Release|Any CPU.ActiveCfg = Release|Any CPU
		{3543A1CD-E3B2-4661-9753-49855BD54D0E}.Release|Any CPU.Build.0 = Release|Any CPU
		{5245289A-FADB-4D26-911C-8669E811CB20}.Debug|Any CPU.ActiveCfg = Debug|Any CPU
		{5245289A-FADB-4D26-911C-8669E811CB20}.Debug|Any CPU.Build.0 = Debug|Any CPU
		{5245289A-FADB-4D26-911C-8669E811CB20}.Release|Any CPU.ActiveCfg = Release|Any CPU
		{5245289A-FADB-4D26-911C-8669E811CB20}.Release|Any CPU.Build.0 = Release|Any CPU
		{EE7E77E9-A93B-48B7-8CE4-CFB8518EFC8C}.Debug|Any CPU.ActiveCfg = Debug|Any CPU
		{EE7E77E9-A93B-48B7-8CE4-CFB8518EFC8C}.Debug|Any CPU.Build.0 = Debug|Any CPU
		{EE7E77E9-A93B-48B7-8CE4-CFB8518EFC8C}.Release|Any CPU.ActiveCfg = Release|Any CPU
		{EE7E77E9-A93B-48B7-8CE4-CFB8518EFC8C}.Release|Any CPU.Build.0 = Release|Any CPU
		{1F160E92-9A5E-4FDF-82AE-80E6B777EEE8}.Debug|Any CPU.ActiveCfg = Debug|Any CPU
		{1F160E92-9A5E-4FDF-82AE-80E6B777EEE8}.Debug|Any CPU.Build.0 = Debug|Any CPU
		{1F160E92-9A5E-4FDF-82AE-80E6B777EEE8}.Release|Any CPU.ActiveCfg = Release|Any CPU
		{1F160E92-9A5E-4FDF-82AE-80E6B777EEE8}.Release|Any CPU.Build.0 = Release|Any CPU
		{D749F733-7480-433A-8CDA-82420450C97C}.Debug|Any CPU.ActiveCfg = Debug|Any CPU
		{D749F733-7480-433A-8CDA-82420450C97C}.Debug|Any CPU.Build.0 = Debug|Any CPU
		{D749F733-7480-433A-8CDA-82420450C97C}.Release|Any CPU.ActiveCfg = Release|Any CPU
		{D749F733-7480-433A-8CDA-82420450C97C}.Release|Any CPU.Build.0 = Release|Any CPU
		{A3D69DD9-967B-4BC6-8667-ABD5914401E6}.Debug|Any CPU.ActiveCfg = Debug|Any CPU
		{A3D69DD9-967B-4BC6-8667-ABD5914401E6}.Debug|Any CPU.Build.0 = Debug|Any CPU
		{A3D69DD9-967B-4BC6-8667-ABD5914401E6}.Release|Any CPU.ActiveCfg = Release|Any CPU
		{A3D69DD9-967B-4BC6-8667-ABD5914401E6}.Release|Any CPU.Build.0 = Release|Any CPU
		{3B03DB25-6EA8-4CCB-8CE2-6AB443145281}.Debug|Any CPU.ActiveCfg = Debug|Any CPU
		{3B03DB25-6EA8-4CCB-8CE2-6AB443145281}.Debug|Any CPU.Build.0 = Debug|Any CPU
		{3B03DB25-6EA8-4CCB-8CE2-6AB443145281}.Release|Any CPU.ActiveCfg = Release|Any CPU
		{3B03DB25-6EA8-4CCB-8CE2-6AB443145281}.Release|Any CPU.Build.0 = Release|Any CPU
		{A7A3F9B7-4DB1-47E7-825B-9B0972493D9C}.Debug|Any CPU.ActiveCfg = Debug|Any CPU
		{A7A3F9B7-4DB1-47E7-825B-9B0972493D9C}.Debug|Any CPU.Build.0 = Debug|Any CPU
		{A7A3F9B7-4DB1-47E7-825B-9B0972493D9C}.Release|Any CPU.ActiveCfg = Release|Any CPU
		{A7A3F9B7-4DB1-47E7-825B-9B0972493D9C}.Release|Any CPU.Build.0 = Release|Any CPU
		{9CCFBDDC-7DED-4026-A23E-FC08632E5A73}.Debug|Any CPU.ActiveCfg = Debug|Any CPU
		{9CCFBDDC-7DED-4026-A23E-FC08632E5A73}.Debug|Any CPU.Build.0 = Debug|Any CPU
		{9CCFBDDC-7DED-4026-A23E-FC08632E5A73}.Release|Any CPU.ActiveCfg = Release|Any CPU
		{9CCFBDDC-7DED-4026-A23E-FC08632E5A73}.Release|Any CPU.Build.0 = Release|Any CPU
		{56FD293C-5978-41FC-B2F4-0C4501C25F7D}.Debug|Any CPU.ActiveCfg = Debug|Any CPU
		{56FD293C-5978-41FC-B2F4-0C4501C25F7D}.Debug|Any CPU.Build.0 = Debug|Any CPU
		{56FD293C-5978-41FC-B2F4-0C4501C25F7D}.Release|Any CPU.ActiveCfg = Release|Any CPU
		{56FD293C-5978-41FC-B2F4-0C4501C25F7D}.Release|Any CPU.Build.0 = Release|Any CPU
		{2958FF95-E8BB-4ED6-B93B-2DCF8585FB58}.Debug|Any CPU.ActiveCfg = Debug|Any CPU
		{2958FF95-E8BB-4ED6-B93B-2DCF8585FB58}.Debug|Any CPU.Build.0 = Debug|Any CPU
		{2958FF95-E8BB-4ED6-B93B-2DCF8585FB58}.Release|Any CPU.ActiveCfg = Release|Any CPU
		{2958FF95-E8BB-4ED6-B93B-2DCF8585FB58}.Release|Any CPU.Build.0 = Release|Any CPU
		{5677E3D8-464C-44B5-942A-AF4D8FE6F69B}.Debug|Any CPU.ActiveCfg = Debug|Any CPU
		{5677E3D8-464C-44B5-942A-AF4D8FE6F69B}.Debug|Any CPU.Build.0 = Debug|Any CPU
		{5677E3D8-464C-44B5-942A-AF4D8FE6F69B}.Release|Any CPU.ActiveCfg = Release|Any CPU
		{5677E3D8-464C-44B5-942A-AF4D8FE6F69B}.Release|Any CPU.Build.0 = Release|Any CPU
		{60800605-A50D-42A4-B56F-DEC4E0F326DB}.Debug|Any CPU.ActiveCfg = Debug|Any CPU
		{60800605-A50D-42A4-B56F-DEC4E0F326DB}.Debug|Any CPU.Build.0 = Debug|Any CPU
		{60800605-A50D-42A4-B56F-DEC4E0F326DB}.Release|Any CPU.ActiveCfg = Release|Any CPU
		{60800605-A50D-42A4-B56F-DEC4E0F326DB}.Release|Any CPU.Build.0 = Release|Any CPU
		{395EE170-350E-4C6B-9081-8432B8DABD8C}.Debug|Any CPU.ActiveCfg = Debug|Any CPU
		{395EE170-350E-4C6B-9081-8432B8DABD8C}.Debug|Any CPU.Build.0 = Debug|Any CPU
		{395EE170-350E-4C6B-9081-8432B8DABD8C}.Release|Any CPU.ActiveCfg = Release|Any CPU
		{395EE170-350E-4C6B-9081-8432B8DABD8C}.Release|Any CPU.Build.0 = Release|Any CPU
		{92CAE851-F941-4CFF-93B2-D37728B2FDE1}.Debug|Any CPU.ActiveCfg = Debug|Any CPU
		{92CAE851-F941-4CFF-93B2-D37728B2FDE1}.Debug|Any CPU.Build.0 = Debug|Any CPU
		{92CAE851-F941-4CFF-93B2-D37728B2FDE1}.Release|Any CPU.ActiveCfg = Release|Any CPU
		{92CAE851-F941-4CFF-93B2-D37728B2FDE1}.Release|Any CPU.Build.0 = Release|Any CPU
		{648D7D05-2097-4190-B0FB-D1700E5121CF}.Debug|Any CPU.ActiveCfg = Debug|Any CPU
		{648D7D05-2097-4190-B0FB-D1700E5121CF}.Debug|Any CPU.Build.0 = Debug|Any CPU
		{648D7D05-2097-4190-B0FB-D1700E5121CF}.Release|Any CPU.ActiveCfg = Release|Any CPU
		{648D7D05-2097-4190-B0FB-D1700E5121CF}.Release|Any CPU.Build.0 = Release|Any CPU
	EndGlobalSection
	GlobalSection(SolutionProperties) = preSolution
		HideSolutionNode = FALSE
	EndGlobalSection
	GlobalSection(NestedProjects) = preSolution
		{73B03256-CCD8-4D1F-BFD3-C08487DB244E} = {B113E3E4-22A8-4B13-B422-2FC000F97F9C}
		{A1CDA522-C5E5-452A-9DBD-AFC5842B9526} = {B113E3E4-22A8-4B13-B422-2FC000F97F9C}
		{697FB2E5-29A0-4D03-A93E-E5D5576E8D98} = {B113E3E4-22A8-4B13-B422-2FC000F97F9C}
		{3543A1CD-E3B2-4661-9753-49855BD54D0E} = {99A691EF-3D59-427A-BDB0-A4E811F3EFFC}
		{5245289A-FADB-4D26-911C-8669E811CB20} = {87B73EF3-3AED-4FE4-9F2A-79759AF682E4}
		{EE7E77E9-A93B-48B7-8CE4-CFB8518EFC8C} = {87B73EF3-3AED-4FE4-9F2A-79759AF682E4}
		{1F160E92-9A5E-4FDF-82AE-80E6B777EEE8} = {87B73EF3-3AED-4FE4-9F2A-79759AF682E4}
		{D749F733-7480-433A-8CDA-82420450C97C} = {A1C4D972-B58E-410F-895B-E6895A5D6337}
		{A3D69DD9-967B-4BC6-8667-ABD5914401E6} = {A1C4D972-B58E-410F-895B-E6895A5D6337}
		{3B03DB25-6EA8-4CCB-8CE2-6AB443145281} = {A1C4D972-B58E-410F-895B-E6895A5D6337}
		{A7A3F9B7-4DB1-47E7-825B-9B0972493D9C} = {87B73EF3-3AED-4FE4-9F2A-79759AF682E4}
		{9CCFBDDC-7DED-4026-A23E-FC08632E5A73} = {C52FD7C0-1EE3-442C-A1C2-0DEAB147E7B0}
		{56FD293C-5978-41FC-B2F4-0C4501C25F7D} = {C52FD7C0-1EE3-442C-A1C2-0DEAB147E7B0}
		{2958FF95-E8BB-4ED6-B93B-2DCF8585FB58} = {C52FD7C0-1EE3-442C-A1C2-0DEAB147E7B0}
		{5677E3D8-464C-44B5-942A-AF4D8FE6F69B} = {452B432C-D4CA-43DD-B56F-80F6E26E5E79}
		{60800605-A50D-42A4-B56F-DEC4E0F326DB} = {452B432C-D4CA-43DD-B56F-80F6E26E5E79}
		{452B432C-D4CA-43DD-B56F-80F6E26E5E79} = {87B73EF3-3AED-4FE4-9F2A-79759AF682E4}
		{A1C4D972-B58E-410F-895B-E6895A5D6337} = {87B73EF3-3AED-4FE4-9F2A-79759AF682E4}
		{C52FD7C0-1EE3-442C-A1C2-0DEAB147E7B0} = {87B73EF3-3AED-4FE4-9F2A-79759AF682E4}
		{395EE170-350E-4C6B-9081-8432B8DABD8C} = {CC1ED15E-9826-4854-B0B1-92F9B6378862}
		{92CAE851-F941-4CFF-93B2-D37728B2FDE1} = {87B73EF3-3AED-4FE4-9F2A-79759AF682E4}
		{648D7D05-2097-4190-B0FB-D1700E5121CF} = {E8201729-82A3-4A62-A1E2-10AD063FB80D}
	EndGlobalSection
	GlobalSection(ExtensibilityGlobals) = postSolution
		SolutionGuid = {0B8973CD-3F42-4F38-BDE7-5CC5F12C8B22}
	EndGlobalSection
EndGlobal
